
Microsoft Visual Studio Solution File, Format Version 12.00
# Visual Studio Version 17
VisualStudioVersion = 17.11.35327.3
MinimumVisualStudioVersion = 10.0.40219.1
Project("{9A19103F-16F7-4668-BE54-9A1E7A4F7556}") = "BmisApi", "BmisApi.csproj", "{93EE12DE-8517-4A66-A3FD-F53882745A66}"
EndProject
Project("{9A19103F-16F7-4668-BE54-9A1E7A4F7556}") = "BmisApi.Test", "..\BmisApi.Test\BmisApi.Test.csproj", "{F7370307-0CB1-429B-8936-07AA31855BF9}"
EndProject
Global
	GlobalSection(SolutionConfigurationPlatforms) = preSolution
		Debug|Any CPU = Debug|Any CPU
		Release|Any CPU = Release|Any CPU
	EndGlobalSection
	GlobalSection(ProjectConfigurationPlatforms) = postSolution
		{93EE12DE-8517-4A66-A3FD-F53882745A66}.Debug|Any CPU.ActiveCfg = Debug|Any CPU
		{93EE12DE-8517-4A66-A3FD-F53882745A66}.Debug|Any CPU.Build.0 = Debug|Any CPU
		{93EE12DE-8517-4A66-A3FD-F53882745A66}.Release|Any CPU.ActiveCfg = Release|Any CPU
		{93EE12DE-8517-4A66-A3FD-F53882745A66}.Release|Any CPU.Build.0 = Release|Any CPU
		{F7370307-0CB1-429B-8936-07AA31855BF9}.Debug|Any CPU.ActiveCfg = Debug|Any CPU
		{F7370307-0CB1-429B-8936-07AA31855BF9}.Debug|Any CPU.Build.0 = Debug|Any CPU
		{F7370307-0CB1-429B-8936-07AA31855BF9}.Release|Any CPU.ActiveCfg = Release|Any CPU
		{F7370307-0CB1-429B-8936-07AA31855BF9}.Release|Any CPU.Build.0 = Release|Any CPU
	EndGlobalSection
	GlobalSection(SolutionProperties) = preSolution
		HideSolutionNode = FALSE
	EndGlobalSection
	GlobalSection(ExtensibilityGlobals) = postSolution
		SolutionGuid = {16F19060-5ABD-4901-A565-5367F2C04F1E}
	EndGlobalSection
EndGlobal
